// !$*UTF8*$!
{
	archiveVersion = 1;
	classes = {
	};
	objectVersion = 50;
	objects = {

/* Begin PBXBuildFile section */
		04D5CBE5212AD86C0084F470 /* AppDelegate.swift in Sources */ = {isa = PBXBuildFile; fileRef = 04D5CBE4212AD86C0084F470 /* AppDelegate.swift */; };
		04D5CBE7212AD86C0084F470 /* ViewController.swift in Sources */ = {isa = PBXBuildFile; fileRef = 04D5CBE6212AD86C0084F470 /* ViewController.swift */; };
		04D5CBEA212AD86C0084F470 /* Main.storyboard in Resources */ = {isa = PBXBuildFile; fileRef = 04D5CBE8212AD86C0084F470 /* Main.storyboard */; };
		04D5CBED212AD86D0084F470 /* jkcoredata.xcdatamodeld in Sources */ = {isa = PBXBuildFile; fileRef = 04D5CBEB212AD86D0084F470 /* jkcoredata.xcdatamodeld */; };
		04D5CBEF212AD86D0084F470 /* Assets.xcassets in Resources */ = {isa = PBXBuildFile; fileRef = 04D5CBEE212AD86D0084F470 /* Assets.xcassets */; };
		04D5CBF2212AD86D0084F470 /* LaunchScreen.storyboard in Resources */ = {isa = PBXBuildFile; fileRef = 04D5CBF0212AD86D0084F470 /* LaunchScreen.storyboard */; };
/* End PBXBuildFile section */

/* Begin PBXFileReference section */
		04D5CBE1212AD86C0084F470 /* jkcoredata.app */ = {isa = PBXFileReference; explicitFileType = wrapper.application; includeInIndex = 0; path = jkcoredata.app; sourceTree = BUILT_PRODUCTS_DIR; };
		04D5CBE4212AD86C0084F470 /* AppDelegate.swift */ = {isa = PBXFileReference; lastKnownFileType = sourcecode.swift; path = AppDelegate.swift; sourceTree = "<group>"; };
		04D5CBE6212AD86C0084F470 /* ViewController.swift */ = {isa = PBXFileReference; lastKnownFileType = sourcecode.swift; path = ViewController.swift; sourceTree = "<group>"; };
		04D5CBE9212AD86C0084F470 /* Base */ = {isa = PBXFileReference; lastKnownFileType = file.storyboard; name = Base; path = Base.lproj/Main.storyboard; sourceTree = "<group>"; };
		04D5CBEC212AD86D0084F470 /* jkcoredata.xcdatamodel */ = {isa = PBXFileReference; lastKnownFileType = wrapper.xcdatamodel; path = jkcoredata.xcdatamodel; sourceTree = "<group>"; };
		04D5CBEE212AD86D0084F470 /* Assets.xcassets */ = {isa = PBXFileReference; lastKnownFileType = folder.assetcatalog; path = Assets.xcassets; sourceTree = "<group>"; };
		04D5CBF1212AD86D0084F470 /* Base */ = {isa = PBXFileReference; lastKnownFileType = file.storyboard; name = Base; path = Base.lproj/LaunchScreen.storyboard; sourceTree = "<group>"; };
		04D5CBF3212AD86D0084F470 /* Info.plist */ = {isa = PBXFileReference; lastKnownFileType = text.plist.xml; path = Info.plist; sourceTree = "<group>"; };
/* End PBXFileReference section */

/* Begin PBXFrameworksBuildPhase section */
		04D5CBDE212AD86C0084F470 /* Frameworks */ = {
			isa = PBXFrameworksBuildPhase;
			buildActionMask = 2147483647;
			files = (
			);
			runOnlyForDeploymentPostprocessing = 0;
		};
/* End PBXFrameworksBuildPhase section */

/* Begin PBXGroup section */
		04D5CBD8212AD86C0084F470 = {
			isa = PBXGroup;
			children = (
				04D5CBE3212AD86C0084F470 /* jkcoredata */,
				04D5CBE2212AD86C0084F470 /* Products */,
			);
			sourceTree = "<group>";
		};
		04D5CBE2212AD86C0084F470 /* Products */ = {
			isa = PBXGroup;
			children = (
				04D5CBE1212AD86C0084F470 /* jkcoredata.app */,
			);
			name = Products;
			sourceTree = "<group>";
		};
		04D5CBE3212AD86C0084F470 /* jkcoredata */ = {
			isa = PBXGroup;
			children = (
				04D5CBE4212AD86C0084F470 /* AppDelegate.swift */,
				04D5CBE6212AD86C0084F470 /* ViewController.swift */,
				04D5CBE8212AD86C0084F470 /* Main.storyboard */,
				04D5CBEE212AD86D0084F470 /* Assets.xcassets */,
				04D5CBF0212AD86D0084F470 /* LaunchScreen.storyboard */,
				04D5CBF3212AD86D0084F470 /* Info.plist */,
				04D5CBEB212AD86D0084F470 /* jkcoredata.xcdatamodeld */,
			);
			path = jkcoredata;
			sourceTree = "<group>";
		};
/* End PBXGroup section */

/* Begin PBXNativeTarget section */
		04D5CBE0212AD86C0084F470 /* jkcoredata */ = {
			isa = PBXNativeTarget;
			buildConfigurationList = 04D5CBF6212AD86D0084F470 /* Build configuration list for PBXNativeTarget "jkcoredata" */;
			buildPhases = (
				04D5CBDD212AD86C0084F470 /* Sources */,
				04D5CBDE212AD86C0084F470 /* Frameworks */,
				04D5CBDF212AD86C0084F470 /* Resources */,
			);
			buildRules = (
			);
			dependencies = (
			);
			name = jkcoredata;
			productName = jkcoredata;
			productReference = 04D5CBE1212AD86C0084F470 /* jkcoredata.app */;
			productType = "com.apple.product-type.application";
		};
/* End PBXNativeTarget section */

/* Begin PBXProject section */
		04D5CBD9212AD86C0084F470 /* Project object */ = {
			isa = PBXProject;
			attributes = {
				LastSwiftUpdateCheck = 0940;
				LastUpgradeCheck = 0940;
				ORGANIZATIONNAME = jeky;
				TargetAttributes = {
					04D5CBE0212AD86C0084F470 = {
						CreatedOnToolsVersion = 9.4.1;
					};
				};
			};
			buildConfigurationList = 04D5CBDC212AD86C0084F470 /* Build configuration list for PBXProject "jkcoredata" */;
			compatibilityVersion = "Xcode 9.3";
			developmentRegion = en;
			hasScannedForEncodings = 0;
			knownRegions = (
				en,
				Base,
			);
			mainGroup = 04D5CBD8212AD86C0084F470;
			productRefGroup = 04D5CBE2212AD86C0084F470 /* Products */;
			projectDirPath = "";
			projectRoot = "";
			targets = (
				04D5CBE0212AD86C0084F470 /* jkcoredata */,
			);
		};
/* End PBXProject section */

/* Begin PBXResourcesBuildPhase section */
		04D5CBDF212AD86C0084F470 /* Resources */ = {
			isa = PBXResourcesBuildPhase;
			buildActionMask = 2147483647;
			files = (
				04D5CBF2212AD86D0084F470 /* LaunchScreen.storyboard in Resources */,
				04D5CBEF212AD86D0084F470 /* Assets.xcassets in Resources */,
				04D5CBEA212AD86C0084F470 /* Main.storyboard in Resources */,
			);
			runOnlyForDeploymentPostprocessing = 0;
		};
/* End PBXResourcesBuildPhase section */

/* Begin PBXSourcesBuildPhase section */
		04D5CBDD212AD86C0084F470 /* Sources */ = {
			isa = PBXSourcesBuildPhase;
			buildActionMask = 2147483647;
			files = (
				04D5CBED212AD86D0084F470 /* jkcoredata.xcdatamodeld in Sources */,
				04D5CBE7212AD86C0084F470 /* ViewController.swift in Sources */,
				04D5CBE5212AD86C0084F470 /* AppDelegate.swift in Sources */,
			);
			runOnlyForDeploymentPostprocessing = 0;
		};
/* End PBXSourcesBuildPhase section */

/* Begin PBXVariantGroup section */
		04D5CBE8212AD86C0084F470 /* Main.storyboard */ = {
			isa = PBXVariantGroup;
			children = (
				04D5CBE9212AD86C0084F470 /* Base */,
			);
			name = Main.storyboard;
			sourceTree = "<group>";
		};
		04D5CBF0212AD86D0084F470 /* LaunchScreen.storyboard */ = {
			isa = PBXVariantGroup;
			children = (
				04D5CBF1212AD86D0084F470 /* Base */,
			);
			name = LaunchScreen.storyboard;
			sourceTree = "<group>";
		};
/* End PBXVariantGroup section */

/* Begin XCBuildConfiguration section */
		04D5CBF4212AD86D0084F470 /* Debug */ = {
			isa = XCBuildConfiguration;
			buildSettings = {
				ALWAYS_SEARCH_USER_PATHS = NO;
				CLANG_ANALYZER_NONNULL = YES;
				CLANG_ANALYZER_NUMBER_OBJECT_CONVERSION = YES_AGGRESSIVE;
				CLANG_CXX_LANGUAGE_STANDARD = "gnu++14";
				CLANG_CXX_LIBRARY = "libc++";
				CLANG_ENABLE_MODULES = YES;
				CLANG_ENABLE_OBJC_ARC = YES;
				CLANG_ENABLE_OBJC_WEAK = YES;
				CLANG_WARN_BLOCK_CAPTURE_AUTORELEASING = YES;
				CLANG_WARN_BOOL_CONVERSION = YES;
				CLANG_WARN_COMMA = YES;
				CLANG_WARN_CONSTANT_CONVERSION = YES;
				CLANG_WARN_DEPRECATED_OBJC_IMPLEMENTATIONS = YES;
				CLANG_WARN_DIRECT_OBJC_ISA_USAGE = YES_ERROR;
				CLANG_WARN_DOCUMENTATION_COMMENTS = YES;
				CLANG_WARN_EMPTY_BODY = YES;
				CLANG_WARN_ENUM_CONVERSION = YES;
				CLANG_WARN_INFINITE_RECURSION = YES;
				CLANG_WARN_INT_CONVERSION = YES;
				CLANG_WARN_NON_LITERAL_NULL_CONVERSION = YES;
				CLANG_WARN_OBJC_IMPLICIT_RETAIN_SELF = YES;
				CLANG_WARN_OBJC_LITERAL_CONVERSION = YES;
				CLANG_WARN_OBJC_ROOT_CLASS = YES_ERROR;
				CLANG_WARN_RANGE_LOOP_ANALYSIS = YES;
				CLANG_WARN_STRICT_PROTOTYPES = YES;
				CLANG_WARN_SUSPICIOUS_MOVE = YES;
				CLANG_WARN_UNGUARDED_AVAILABILITY = YES_AGGRESSIVE;
				CLANG_WARN_UNREACHABLE_CODE = YES;
				CLANG_WARN__DUPLICATE_METHOD_MATCH = YES;
				CODE_SIGN_IDENTITY = "iPhone Developer";
				COPY_PHASE_STRIP = NO;
				DEBUG_INFORMATION_FORMAT = dwarf;
				ENABLE_STRICT_OBJC_MSGSEND = YES;
				ENABLE_TESTABILITY = YES;
				GCC_C_LANGUAGE_STANDARD = gnu11;
				GCC_DYNAMIC_NO_PIC = NO;
				GCC_NO_COMMON_BLOCKS = YES;
				GCC_OPTIMIZATION_LEVEL = 0;
				GCC_PREPROCESSOR_DEFINITIONS = (
					"DEBUG=1",
					"$(inherited)",
				);
				GCC_WARN_64_TO_32_BIT_CONVERSION = YES;
				GCC_WARN_ABOUT_RETURN_TYPE = YES_ERROR;
				GCC_WARN_UNDECLARED_SELECTOR = YES;
				GCC_WARN_UNINITIALIZED_AUTOS = YES_AGGRESSIVE;
				GCC_WARN_UNUSED_FUNCTION = YES;
				GCC_WARN_UNUSED_VARIABLE = YES;
				IPHONEOS_DEPLOYMENT_TARGET = 11.4;
				MTL_ENABLE_DEBUG_INFO = YES;
				ONLY_ACTIVE_ARCH = YES;
				SDKROOT = iphoneos;
				SWIFT_ACTIVE_COMPILATION_CONDITIONS = DEBUG;
				SWIFT_OPTIMIZATION_LEVEL = "-Onone";
			};
			name = Debug;
		};
		04D5CBF5212AD86D0084F470 /* Release */ = {
			isa = XCBuildConfiguration;
			buildSettings = {
				ALWAYS_SEARCH_USER_PATHS = NO;
				CLANG_ANALYZER_NONNULL = YES;
				CLANG_ANALYZER_NUMBER_OBJECT_CONVERSION = YES_AGGRESSIVE;
				CLANG_CXX_LANGUAGE_STANDARD = "gnu++14";
				CLANG_CXX_LIBRARY = "libc++";
				CLANG_ENABLE_MODULES = YES;
				CLANG_ENABLE_OBJC_ARC = YES;
				CLANG_ENABLE_OBJC_WEAK = YES;
				CLANG_WARN_BLOCK_CAPTURE_AUTORELEASING = YES;
				CLANG_WARN_BOOL_CONVERSION = YES;
				CLANG_WARN_COMMA = YES;
				CLANG_WARN_CONSTANT_CONVERSION = YES;
				CLANG_WARN_DEPRECATED_OBJC_IMPLEMENTATIONS = YES;
				CLANG_WARN_DIRECT_OBJC_ISA_USAGE = YES_ERROR;
				CLANG_WARN_DOCUMENTATION_COMMENTS = YES;
				CLANG_WARN_EMPTY_BODY = YES;
				CLANG_WARN_ENUM_CONVERSION = YES;
				CLANG_WARN_INFINITE_RECURSION = YES;
				CLANG_WARN_INT_CONVERSION = YES;
				CLANG_WARN_NON_LITERAL_NULL_CONVERSION = YES;
				CLANG_WARN_OBJC_IMPLICIT_RETAIN_SELF = YES;
				CLANG_WARN_OBJC_LITERAL_CONVERSION = YES;
				CLANG_WARN_OBJC_ROOT_CLASS = YES_ERROR;
				CLANG_WARN_RANGE_LOOP_ANALYSIS = YES;
				CLANG_WARN_STRICT_PROTOTYPES = YES;
				CLANG_WARN_SUSPICIOUS_MOVE = YES;
				CLANG_WARN_UNGUARDED_AVAILABILITY = YES_AGGRESSIVE;
				CLANG_WARN_UNREACHABLE_CODE = YES;
				CLANG_WARN__DUPLICATE_METHOD_MATCH = YES;
				CODE_SIGN_IDENTITY = "iPhone Developer";
				COPY_PHASE_STRIP = NO;
				DEBUG_INFORMATION_FORMAT = "dwarf-with-dsym";
				ENABLE_NS_ASSERTIONS = NO;
				ENABLE_STRICT_OBJC_MSGSEND = YES;
				GCC_C_LANGUAGE_STANDARD = gnu11;
				GCC_NO_COMMON_BLOCKS = YES;
				GCC_WARN_64_TO_32_BIT_CONVERSION = YES;
				GCC_WARN_ABOUT_RETURN_TYPE = YES_ERROR;
				GCC_WARN_UNDECLARED_SELECTOR = YES;
				GCC_WARN_UNINITIALIZED_AUTOS = YES_AGGRESSIVE;
				GCC_WARN_UNUSED_FUNCTION = YES;
				GCC_WARN_UNUSED_VARIABLE = YES;
				IPHONEOS_DEPLOYMENT_TARGET = 11.4;
				MTL_ENABLE_DEBUG_INFO = NO;
				SDKROOT = iphoneos;
				SWIFT_COMPILATION_MODE = wholemodule;
				SWIFT_OPTIMIZATION_LEVEL = "-O";
				VALIDATE_PRODUCT = YES;
			};
			name = Release;
		};
		04D5CBF7212AD86D0084F470 /* Debug */ = {
			isa = XCBuildConfiguration;
			buildSettings = {
				ASSETCATALOG_COMPILER_APPICON_NAME = AppIcon;
				CODE_SIGN_STYLE = Automatic;
				INFOPLIST_FILE = jkcoredata/Info.plist;
				LD_RUNPATH_SEARCH_PATHS = (
					"$(inherited)",
					"@executable_path/Frameworks",
				);
				PRODUCT_BUNDLE_IDENTIFIER = "-23.jkcoredata";
				PRODUCT_NAME = "$(TARGET_NAME)";
				SWIFT_VERSION = 4.0;
				TARGETED_DEVICE_FAMILY = "1,2";
			};
			name = Debug;
		};
		04D5CBF8212AD86D0084F470 /* Release */ = {
			isa = XCBuildConfiguration;
			buildSettings = {
				ASSETCATALOG_COMPILER_APPICON_NAME = AppIcon;
				CODE_SIGN_STYLE = Automatic;
				INFOPLIST_FILE = jkcoredata/Info.plist;
				LD_RUNPATH_SEARCH_PATHS = (
					"$(inherited)",
					"@executable_path/Frameworks",
				);
				PRODUCT_BUNDLE_IDENTIFIER = "-23.jkcoredata";
				PRODUCT_NAME = "$(TARGET_NAME)";
				SWIFT_VERSION = 4.0;
				TARGETED_DEVICE_FAMILY = "1,2";
			};
			name = Release;
		};
/* End XCBuildConfiguration section */

/* Begin XCConfigurationList section */
		04D5CBDC212AD86C0084F470 /* Build configuration list for PBXProject "jkcoredata" */ = {
			isa = XCConfigurationList;
			buildConfigurations = (
				04D5CBF4212AD86D0084F470 /* Debug */,
				04D5CBF5212AD86D0084F470 /* Release */,
			);
			defaultConfigurationIsVisible = 0;
			defaultConfigurationName = Release;
		};
		04D5CBF6212AD86D0084F470 /* Build configuration list for PBXNativeTarget "jkcoredata" */ = {
			isa = XCConfigurationList;
			buildConfigurations = (
				04D5CBF7212AD86D0084F470 /* Debug */,
				04D5CBF8212AD86D0084F470 /* Release */,
			);
			defaultConfigurationIsVisible = 0;
			defaultConfigurationName = Release;
		};
/* End XCConfigurationList section */

/* Begin XCVersionGroup section */
		04D5CBEB212AD86D0084F470 /* jkcoredata.xcdatamodeld */ = {
			isa = XCVersionGroup;
			children = (
				04D5CBEC212AD86D0084F470 /* jkcoredata.xcdatamodel */,
			);
			currentVersion = 04D5CBEC212AD86D0084F470 /* jkcoredata.xcdatamodel */;
			path = jkcoredata.xcdatamodeld;
			sourceTree = "<group>";
			versionGroupType = wrapper.xcdatamodel;
		};
/* End XCVersionGroup section */
	};
	rootObject = 04D5CBD9212AD86C0084F470 /* Project object */;
}
